
Microsoft Visual Studio Solution File, Format Version 12.00
# Visual Studio Version 16
VisualStudioVersion = 16.0.31112.23
MinimumVisualStudioVersion = 10.0.40219.1
Project("{FAE04EC0-301F-11D3-BF4B-00C04F79EFBC}") = "Proiect_MS(PS)", "Proiect_MS(PS)\Proiect_MS(PS).csproj", "{BCC3C3BC-51D0-4DEC-9C4A-F48778CB27CA}"
EndProject
Global
	GlobalSection(SolutionConfigurationPlatforms) = preSolution
		Debug|Any CPU = Debug|Any CPU
		Release|Any CPU = Release|Any CPU
	EndGlobalSection
	GlobalSection(ProjectConfigurationPlatforms) = postSolution
		{BCC3C3BC-51D0-4DEC-9C4A-F48778CB27CA}.Debug|Any CPU.ActiveCfg = Debug|Any CPU
		{BCC3C3BC-51D0-4DEC-9C4A-F48778CB27CA}.Debug|Any CPU.Build.0 = Debug|Any CPU
		{BCC3C3BC-51D0-4DEC-9C4A-F48778CB27CA}.Release|Any CPU.ActiveCfg = Release|Any CPU
		{BCC3C3BC-51D0-4DEC-9C4A-F48778CB27CA}.Release|Any CPU.Build.0 = Release|Any CPU
	EndGlobalSection
	GlobalSection(SolutionProperties) = preSolution
		HideSolutionNode = FALSE
	EndGlobalSection
	GlobalSection(ExtensibilityGlobals) = postSolution
		SolutionGuid = {F7887944-2B4B-4F68-979F-AE8313F78438}
	EndGlobalSection
EndGlobal
